{
  "requires": true,
  "lockfileVersion": 1,
  "dependencies": {
    "@vant/popperjs": {
      "version": "1.3.0",
      "resolved": "https://registry.npmmirror.com/@vant/popperjs/-/popperjs-1.3.0.tgz",
      "integrity": "sha512-hB+czUG+aHtjhaEmCJDuXOep0YTZjdlRR+4MSmIFnkCQIxJaXLQdSsR90XWvAI2yvKUI7TCGqR8pQg2RtvkMHw=="
    },
    "@vant/use": {
      "version": "1.5.1",
      "resolved": "https://registry.npmmirror.com/@vant/use/-/use-1.5.1.tgz",
      "integrity": "sha512-Zxd7lDz/LliVYEQi3PR9a8CQa/kGCVzF0u9hqDMaTlgXlbG0wHMFPllrcG0ThR6bfs8xrYVuSFM9pJn6HSoUGQ=="
    },
    "vant": {
      "version": "4.3.2",
      "resolved": "https://registry.npmmirror.com/vant/-/vant-4.3.2.tgz",
      "integrity": "sha512-npAk1cxmVvth1L+/yQyNWUYb7Yrfhi0feojASUCVw9k9QnxGq+1pDjyjaFBXGv9dPuDOEqIiIZvTqUR2VvHGEA==",
      "requires": {
        "@vant/popperjs": "^1.3.0",
        "@vant/use": "^1.5.1"
      }
    }
  }
}
